# THIS IS AN AUTOGENERATED FILE. DO NOT EDIT THIS FILE DIRECTLY.
# yarn lockfile v1


"@cosmjs/encoding@^0.28.4":
  version "0.28.4"
  resolved "https://registry.yarnpkg.com/@cosmjs/encoding/-/encoding-0.28.4.tgz#ea39eb4c27ebf7b35e62e9898adae189b86d0da7"
  integrity sha512-N6Qnjs4dd8KwjW5m9t3L+rWYYGW2wyS+iLtJJ9DD8DiTTxpW9h7/AmUVO/dsRe5H2tV8/DzH/B9pFfpsgro22A==
  dependencies:
    base64-js "^1.3.0"
    bech32 "^1.1.4"
    readonly-date "^1.0.0"

base64-js@^1.3.0:
  version "1.5.1"
  resolved "https://registry.yarnpkg.com/base64-js/-/base64-js-1.5.1.tgz#1b1b440160a5bf7ad40b650f095963481903930a"
  integrity sha512-AKpaYlHn8t4SVbOHCy+b5+KKgvR4vrsD8vbvrbiQJps7fKDTkjkDry6ji0rUJjC0kzbNePLwzxq8iypo41qeWA==

bech32@^1.1.4:
  version "1.1.4"
  resolved "https://registry.yarnpkg.com/bech32/-/bech32-1.1.4.tgz#e38c9f37bf179b8eb16ae3a772b40c356d4832e9"
  integrity sha512-s0IrSOzLlbvX7yp4WBfPITzpAU8sqQcpsmwXDiKwrG4r491vwCO/XpejasRNl0piBMe/DvP4Tz0mIS/X1DPJBQ==

readonly-date@^1.0.0:
  version "1.0.0"
  resolved "https://registry.yarnpkg.com/readonly-date/-/readonly-date-1.0.0.tgz#5af785464d8c7d7c40b9d738cbde8c646f97dcd9"
  integrity sha512-tMKIV7hlk0h4mO3JTmmVuIlJVXjKk3Sep9Bf5OH0O+758ruuVkUy2J9SttDLm91IEX/WHlXPSpxMGjPj4beMIQ==
